// !$*UTF8*$!
{
	archiveVersion = 1;
	classes = {
	};
	objectVersion = 54;
	objects = {

/* Begin PBXBuildFile section */
		1D0AC4E925A1D445004A5AF1 /* Sequence+Utils.swift in Sources */ = {isa = PBXBuildFile; fileRef = 1D0AC4E825A1D445004A5AF1 /* Sequence+Utils.swift */; };
		1D0BCB3B259A1ECA0035BAA8 /* BestScoresViewController.xib in Resources */ = {isa = PBXBuildFile; fileRef = 1D0BCB15259A1ECA0035BAA8 /* BestScoresViewController.xib */; };
		1D0BCB40259A1ECA0035BAA8 /* GameViewController.swift in Sources */ = {isa = PBXBuildFile; fileRef = 1D0BCB1B259A1ECA0035BAA8 /* GameViewController.swift */; };
		1D0BCB43259A1ECA0035BAA8 /* Constants.swift in Sources */ = {isa = PBXBuildFile; fileRef = 1D0BCB1F259A1ECA0035BAA8 /* Constants.swift */; };
		1D0BCB45259A1ECA0035BAA8 /* SettingsViewController.swift in Sources */ = {isa = PBXBuildFile; fileRef = 1D0BCB22259A1ECA0035BAA8 /* SettingsViewController.swift */; };
		1D0BCB46259A1ECA0035BAA8 /* SettingsViewController.xib in Resources */ = {isa = PBXBuildFile; fileRef = 1D0BCB23259A1ECA0035BAA8 /* SettingsViewController.xib */; };
		1D0BCB47259A1ECA0035BAA8 /* GameViewController.xib in Resources */ = {isa = PBXBuildFile; fileRef = 1D0BCB25259A1ECA0035BAA8 /* GameViewController.xib */; };
		1D0BCB49259A1ECA0035BAA8 /* MenuViewController.xib in Resources */ = {isa = PBXBuildFile; fileRef = 1D0BCB27259A1ECA0035BAA8 /* MenuViewController.xib */; };
		1D0BCB4A259A1ECA0035BAA8 /* CreditsViewController.swift in Sources */ = {isa = PBXBuildFile; fileRef = 1D0BCB28259A1ECA0035BAA8 /* CreditsViewController.swift */; };
		1D0BCB4B259A1ECA0035BAA8 /* TutorialViewController.xib in Resources */ = {isa = PBXBuildFile; fileRef = 1D0BCB2A259A1ECA0035BAA8 /* TutorialViewController.xib */; };
		1D0BCB4C259A1ECA0035BAA8 /* BestScoresViewController.swift in Sources */ = {isa = PBXBuildFile; fileRef = 1D0BCB2D259A1ECA0035BAA8 /* BestScoresViewController.swift */; };
		1D0BCB4E259A1ECA0035BAA8 /* CreditsViewController.xib in Resources */ = {isa = PBXBuildFile; fileRef = 1D0BCB30259A1ECA0035BAA8 /* CreditsViewController.xib */; };
		1D0BCB50259A1ECA0035BAA8 /* AppDelegate.swift in Sources */ = {isa = PBXBuildFile; fileRef = 1D0BCB32259A1ECA0035BAA8 /* AppDelegate.swift */; };
		1D0BCB53259A1ECA0035BAA8 /* TutorialViewController.swift in Sources */ = {isa = PBXBuildFile; fileRef = 1D0BCB37259A1ECA0035BAA8 /* TutorialViewController.swift */; };
		1D0BCB54259A1ECA0035BAA8 /* MenuViewController.swift in Sources */ = {isa = PBXBuildFile; fileRef = 1D0BCB39259A1ECA0035BAA8 /* MenuViewController.swift */; };
		1D0BCB60259A1ED30035BAA8 /* Assets.xcassets in Resources */ = {isa = PBXBuildFile; fileRef = 1D0BCB55259A1ED30035BAA8 /* Assets.xcassets */; };
		1D0BCB61259A1ED30035BAA8 /* LaunchScreen.storyboard in Resources */ = {isa = PBXBuildFile; fileRef = 1D0BCB56259A1ED30035BAA8 /* LaunchScreen.storyboard */; };
		1D184C58259E9C87007DECA0 /* GameSession+Items.swift in Sources */ = {isa = PBXBuildFile; fileRef = 1D184C54259E9C87007DECA0 /* GameSession+Items.swift */; };
		1D184C5A259E9C87007DECA0 /* GameSession+Maze.swift in Sources */ = {isa = PBXBuildFile; fileRef = 1D184C56259E9C87007DECA0 /* GameSession+Maze.swift */; };
		1D184C5F259E9CA6007DECA0 /* Tile.swift in Sources */ = {isa = PBXBuildFile; fileRef = 1D184C5D259E9CA6007DECA0 /* Tile.swift */; };
		1D184C63259E9CB8007DECA0 /* Enemy+AI.swift in Sources */ = {isa = PBXBuildFile; fileRef = 1D184C60259E9CB8007DECA0 /* Enemy+AI.swift */; };
		1D184C64259E9CB8007DECA0 /* Enemy.swift in Sources */ = {isa = PBXBuildFile; fileRef = 1D184C61259E9CB8007DECA0 /* Enemy.swift */; };
		1D184C65259E9CB8007DECA0 /* EnemyCollaborator.swift in Sources */ = {isa = PBXBuildFile; fileRef = 1D184C62259E9CB8007DECA0 /* EnemyCollaborator.swift */; };
		1D184C67259E9CC5007DECA0 /* CABasicAnimation+Utils.swift in Sources */ = {isa = PBXBuildFile; fileRef = 1D184C66259E9CC5007DECA0 /* CABasicAnimation+Utils.swift */; };
		1D184C69259E9CD8007DECA0 /* Player.swift in Sources */ = {isa = PBXBuildFile; fileRef = 1D184C68259E9CD8007DECA0 /* Player.swift */; };
		1D184C6F25A0890A007DECA0 /* MazeGenerator.swift in Sources */ = {isa = PBXBuildFile; fileRef = 1D184C6E25A0890A007DECA0 /* MazeGenerator.swift */; };
		1D33BEC825AC2D3900CC0EFE /* GameStats.swift in Sources */ = {isa = PBXBuildFile; fileRef = 1D33BEC725AC2D3900CC0EFE /* GameStats.swift */; };
		1D33BECA25AC2EDB00CC0EFE /* Maze.swift in Sources */ = {isa = PBXBuildFile; fileRef = 1D33BEC925AC2EDB00CC0EFE /* Maze.swift */; };
		1D3CD31325AE21D300F59B8A /* GestureRecognizer.swift in Sources */ = {isa = PBXBuildFile; fileRef = 1D3CD31225AE21D300F59B8A /* GestureRecognizer.swift */; };
		1D3CD31525AE249800F59B8A /* CurrentLevelView.swift in Sources */ = {isa = PBXBuildFile; fileRef = 1D3CD31425AE249800F59B8A /* CurrentLevelView.swift */; };
		1D3CD31725AE25F600F59B8A /* HurryUpView.swift in Sources */ = {isa = PBXBuildFile; fileRef = 1D3CD31625AE25F600F59B8A /* HurryUpView.swift */; };
		1D3CD31925AE2B7300F59B8A /* HeaderView.swift in Sources */ = {isa = PBXBuildFile; fileRef = 1D3CD31825AE2B7300F59B8A /* HeaderView.swift */; };
		1D87F61925A6EAE100C14690 /* TODO.md in Resources */ = {isa = PBXBuildFile; fileRef = 1D87F61825A6EAE100C14690 /* TODO.md */; };
		1D87F61B25A6EBF500C14690 /* Path.swift in Sources */ = {isa = PBXBuildFile; fileRef = 1D87F61A25A6EBF500C14690 /* Path.swift */; };
		1D9D51DD25AAE7CE000B3216 /* Frame.swift in Sources */ = {isa = PBXBuildFile; fileRef = 1D9D51DC25AAE7CE000B3216 /* Frame.swift */; };
		1D9D51DF25AB7983000B3216 /* GameSession+Collision.swift in Sources */ = {isa = PBXBuildFile; fileRef = 1D9D51DE25AB7983000B3216 /* GameSession+Collision.swift */; };
		1DA4C712259BA0B300E4DE1E /* whirlwind.png in Resources */ = {isa = PBXBuildFile; fileRef = 1DA4C703259BA0B300E4DE1E /* whirlwind.png */; };
		1DA4C713259BA0B300E4DE1E /* goal_open.png in Resources */ = {isa = PBXBuildFile; fileRef = 1DA4C704259BA0B300E4DE1E /* goal_open.png */; };
		1DA4C714259BA0B300E4DE1E /* goal_close.png in Resources */ = {isa = PBXBuildFile; fileRef = 1DA4C705259BA0B300E4DE1E /* goal_close.png */; };
		1DA4C715259BA0B300E4DE1E /* player.png in Resources */ = {isa = PBXBuildFile; fileRef = 1DA4C706259BA0B300E4DE1E /* player.png */; };
		1DA4C716259BA0B300E4DE1E /* key.png in Resources */ = {isa = PBXBuildFile; fileRef = 1DA4C707259BA0B300E4DE1E /* key.png */; };
		1DA4C717259BA0B300E4DE1E /* hearth.png in Resources */ = {isa = PBXBuildFile; fileRef = 1DA4C708259BA0B300E4DE1E /* hearth.png */; };
		1DA4C718259BA0B300E4DE1E /* coin.png in Resources */ = {isa = PBXBuildFile; fileRef = 1DA4C709259BA0B300E4DE1E /* coin.png */; };
		1DA4C719259BA0B300E4DE1E /* time.png in Resources */ = {isa = PBXBuildFile; fileRef = 1DA4C70A259BA0B300E4DE1E /* time.png */; };
		1DA4C71A259BA0B300E4DE1E /* wall.png in Resources */ = {isa = PBXBuildFile; fileRef = 1DA4C70B259BA0B300E4DE1E /* wall.png */; };
		1DA4C71B259BA0B300E4DE1E /* bomb.png in Resources */ = {isa = PBXBuildFile; fileRef = 1DA4C70C259BA0B300E4DE1E /* bomb.png */; };
		1DA4C71D259BA0B300E4DE1E /* player_angry.png in Resources */ = {isa = PBXBuildFile; fileRef = 1DA4C70E259BA0B300E4DE1E /* player_angry.png */; };
		1DA4C71F259BA0B300E4DE1E /* minion.png in Resources */ = {isa = PBXBuildFile; fileRef = 1DA4C710259BA0B300E4DE1E /* minion.png */; };
		1DA4C720259BA0B300E4DE1E /* enemy.png in Resources */ = {isa = PBXBuildFile; fileRef = 1DA4C711259BA0B300E4DE1E /* enemy.png */; };
		1DA4C72E259BA0C200E4DE1E /* soundStartGame.caf in Resources */ = {isa = PBXBuildFile; fileRef = 1DA4C721259BA0C200E4DE1E /* soundStartGame.caf */; };
		1DA4C72F259BA0C200E4DE1E /* soundLevelChange.caf in Resources */ = {isa = PBXBuildFile; fileRef = 1DA4C722259BA0C200E4DE1E /* soundLevelChange.caf */; };
		1DA4C730259BA0C200E4DE1E /* soundHitWhirlwind.caf in Resources */ = {isa = PBXBuildFile; fileRef = 1DA4C723259BA0C200E4DE1E /* soundHitWhirlwind.caf */; };
		1DA4C731259BA0C200E4DE1E /* soundEnemySpawn.caf in Resources */ = {isa = PBXBuildFile; fileRef = 1DA4C724259BA0C200E4DE1E /* soundEnemySpawn.caf */; };
		1DA4C732259BA0C200E4DE1E /* soundSelectItem.caf in Resources */ = {isa = PBXBuildFile; fileRef = 1DA4C725259BA0C200E4DE1E /* soundSelectItem.caf */; };
		1DA4C733259BA0C200E4DE1E /* soundGame.caf in Resources */ = {isa = PBXBuildFile; fileRef = 1DA4C726259BA0C200E4DE1E /* soundGame.caf */; };
		1DA4C734259BA0C200E4DE1E /* soundHitCoin.caf in Resources */ = {isa = PBXBuildFile; fileRef = 1DA4C727259BA0C200E4DE1E /* soundHitCoin.caf */; };
		1DA4C735259BA0C200E4DE1E /* soundHitHearth.caf in Resources */ = {isa = PBXBuildFile; fileRef = 1DA4C728259BA0C200E4DE1E /* soundHitHearth.caf */; };
		1DA4C736259BA0C200E4DE1E /* soundHitPlayer.caf in Resources */ = {isa = PBXBuildFile; fileRef = 1DA4C729259BA0C200E4DE1E /* soundHitPlayer.caf */; };
		1DA4C737259BA0C200E4DE1E /* soundTimeOver.caf in Resources */ = {isa = PBXBuildFile; fileRef = 1DA4C72A259BA0C200E4DE1E /* soundTimeOver.caf */; };
		1DA4C738259BA0C200E4DE1E /* soundGameOver.caf in Resources */ = {isa = PBXBuildFile; fileRef = 1DA4C72B259BA0C200E4DE1E /* soundGameOver.caf */; };
		1DA4C739259BA0C200E4DE1E /* soundHitBomb.caf in Resources */ = {isa = PBXBuildFile; fileRef = 1DA4C72C259BA0C200E4DE1E /* soundHitBomb.caf */; };
		1DA4C73A259BA0C200E4DE1E /* soundHitTimeBonus.caf in Resources */ = {isa = PBXBuildFile; fileRef = 1DA4C72D259BA0C200E4DE1E /* soundHitTimeBonus.caf */; };
		1DA4C73C259BA0EC00E4DE1E /* Localizable.strings in Resources */ = {isa = PBXBuildFile; fileRef = 1DA4C73B259BA0EC00E4DE1E /* Localizable.strings */; };
		1DA4C73E259BA0F800E4DE1E /* Joystix.ttf in Resources */ = {isa = PBXBuildFile; fileRef = 1DA4C73D259BA0F400E4DE1E /* Joystix.ttf */; };
		1DA4C740259BA10900E4DE1E /* GameSession.swift in Sources */ = {isa = PBXBuildFile; fileRef = 1DA4C73F259BA10900E4DE1E /* GameSession.swift */; };
		1DA4C742259BA11700E4DE1E /* AudioManager.swift in Sources */ = {isa = PBXBuildFile; fileRef = 1DA4C741259BA11700E4DE1E /* AudioManager.swift */; };
		1DA4C744259BA12200E4DE1E /* UIDevice+Utils.swift in Sources */ = {isa = PBXBuildFile; fileRef = 1DA4C743259BA12200E4DE1E /* UIDevice+Utils.swift */; };
		1DA4C746259BA14200E4DE1E /* String+Utils.swift in Sources */ = {isa = PBXBuildFile; fileRef = 1DA4C745259BA14200E4DE1E /* String+Utils.swift */; };
		1DA4C74B259BA17D00E4DE1E /* ScoreManager.swift in Sources */ = {isa = PBXBuildFile; fileRef = 1DA4C74A259BA17D00E4DE1E /* ScoreManager.swift */; };
		1DA4C754259BA1B200E4DE1E /* UIImage+Utils.swift in Sources */ = {isa = PBXBuildFile; fileRef = 1DA4C74D259BA1B200E4DE1E /* UIImage+Utils.swift */; };
		1DA4C756259BA1B200E4DE1E /* UIImageView+Utils.swift in Sources */ = {isa = PBXBuildFile; fileRef = 1DA4C74F259BA1B200E4DE1E /* UIImageView+Utils.swift */; };
		1DA4C758259BA1B200E4DE1E /* UIView+Utils.swift in Sources */ = {isa = PBXBuildFile; fileRef = 1DA4C751259BA1B200E4DE1E /* UIView+Utils.swift */; };
		1DA4C75A259BA29800E4DE1E /* README.md in Resources */ = {isa = PBXBuildFile; fileRef = 1DA4C759259BA29800E4DE1E /* README.md */; };
		1DB7746B25AD832400FC1A26 /* DisplayLink.swift in Sources */ = {isa = PBXBuildFile; fileRef = 1DB7746A25AD832400FC1A26 /* DisplayLink.swift */; };
		1DB7746D25AD88DE00FC1A26 /* GameOverView.swift in Sources */ = {isa = PBXBuildFile; fileRef = 1DB7746C25AD88DE00FC1A26 /* GameOverView.swift */; };
		1DE262ED25A0A60200BAC78A /* VersionLabel.swift in Sources */ = {isa = PBXBuildFile; fileRef = 1DE262EC25A0A60200BAC78A /* VersionLabel.swift */; };
		1DE262F125A0E20500BAC78A /* CGRect+Utils.swift in Sources */ = {isa = PBXBuildFile; fileRef = 1DE262F025A0E20500BAC78A /* CGRect+Utils.swift */; };
		1DEC3DEB25A0FF8B000A863D /* TyleType.swift in Sources */ = {isa = PBXBuildFile; fileRef = 1DEC3DEA25A0FF8B000A863D /* TyleType.swift */; };
		1DEC3DED25A11278000A863D /* UISwipeGestureRecognizer+Utils.swift in Sources */ = {isa = PBXBuildFile; fileRef = 1DEC3DEC25A11278000A863D /* UISwipeGestureRecognizer+Utils.swift */; };
/* End PBXBuildFile section */

/* Begin PBXCopyFilesBuildPhase section */
		1D98C7D31C9AD71100161EB2 /* Embed Frameworks */ = {
			isa = PBXCopyFilesBuildPhase;
			buildActionMask = 2147483647;
			dstPath = "";
			dstSubfolderSpec = 10;
			files = (
			);
			name = "Embed Frameworks";
			runOnlyForDeploymentPostprocessing = 0;
		};
/* End PBXCopyFilesBuildPhase section */

/* Begin PBXFileReference section */
		1D07BEE81CCD36E80062EFE6 /* GameKit.framework */ = {isa = PBXFileReference; lastKnownFileType = wrapper.framework; name = GameKit.framework; path = System/Library/Frameworks/GameKit.framework; sourceTree = SDKROOT; };
		1D0AC4E825A1D445004A5AF1 /* Sequence+Utils.swift */ = {isa = PBXFileReference; lastKnownFileType = sourcecode.swift; name = "Sequence+Utils.swift"; path = "mmmaze/Sources/Sequence+Utils.swift"; sourceTree = "<group>"; };
		1D0BCB15259A1ECA0035BAA8 /* BestScoresViewController.xib */ = {isa = PBXFileReference; fileEncoding = 4; lastKnownFileType = file.xib; name = BestScoresViewController.xib; path = mmmaze/Sources/BestScoresViewController.xib; sourceTree = "<group>"; };
		1D0BCB1B259A1ECA0035BAA8 /* GameViewController.swift */ = {isa = PBXFileReference; fileEncoding = 4; lastKnownFileType = sourcecode.swift; name = GameViewController.swift; path = mmmaze/Sources/GameViewController.swift; sourceTree = "<group>"; };
		1D0BCB1F259A1ECA0035BAA8 /* Constants.swift */ = {isa = PBXFileReference; fileEncoding = 4; lastKnownFileType = sourcecode.swift; name = Constants.swift; path = mmmaze/Sources/Constants.swift; sourceTree = "<group>"; };
		1D0BCB22259A1ECA0035BAA8 /* SettingsViewController.swift */ = {isa = PBXFileReference; fileEncoding = 4; lastKnownFileType = sourcecode.swift; name = SettingsViewController.swift; path = mmmaze/Sources/SettingsViewController.swift; sourceTree = "<group>"; };
		1D0BCB23259A1ECA0035BAA8 /* SettingsViewController.xib */ = {isa = PBXFileReference; fileEncoding = 4; lastKnownFileType = file.xib; name = SettingsViewController.xib; path = mmmaze/Sources/SettingsViewController.xib; sourceTree = "<group>"; };
		1D0BCB25259A1ECA0035BAA8 /* GameViewController.xib */ = {isa = PBXFileReference; fileEncoding = 4; lastKnownFileType = file.xib; name = GameViewController.xib; path = mmmaze/Sources/GameViewController.xib; sourceTree = "<group>"; };
		1D0BCB27259A1ECA0035BAA8 /* MenuViewController.xib */ = {isa = PBXFileReference; fileEncoding = 4; lastKnownFileType = file.xib; name = MenuViewController.xib; path = mmmaze/Sources/MenuViewController.xib; sourceTree = "<group>"; };
		1D0BCB28259A1ECA0035BAA8 /* CreditsViewController.swift */ = {isa = PBXFileReference; fileEncoding = 4; lastKnownFileType = sourcecode.swift; name = CreditsViewController.swift; path = mmmaze/Sources/CreditsViewController.swift; sourceTree = "<group>"; };
		1D0BCB2A259A1ECA0035BAA8 /* TutorialViewController.xib */ = {isa = PBXFileReference; fileEncoding = 4; lastKnownFileType = file.xib; name = TutorialViewController.xib; path = mmmaze/Sources/TutorialViewController.xib; sourceTree = "<group>"; };
		1D0BCB2D259A1ECA0035BAA8 /* BestScoresViewController.swift */ = {isa = PBXFileReference; fileEncoding = 4; lastKnownFileType = sourcecode.swift; name = BestScoresViewController.swift; path = mmmaze/Sources/BestScoresViewController.swift; sourceTree = "<group>"; };
		1D0BCB30259A1ECA0035BAA8 /* CreditsViewController.xib */ = {isa = PBXFileReference; fileEncoding = 4; lastKnownFileType = file.xib; name = CreditsViewController.xib; path = mmmaze/Sources/CreditsViewController.xib; sourceTree = "<group>"; };
		1D0BCB32259A1ECA0035BAA8 /* AppDelegate.swift */ = {isa = PBXFileReference; fileEncoding = 4; lastKnownFileType = sourcecode.swift; name = AppDelegate.swift; path = mmmaze/Sources/AppDelegate.swift; sourceTree = "<group>"; };
		1D0BCB37259A1ECA0035BAA8 /* TutorialViewController.swift */ = {isa = PBXFileReference; fileEncoding = 4; lastKnownFileType = sourcecode.swift; name = TutorialViewController.swift; path = mmmaze/Sources/TutorialViewController.swift; sourceTree = "<group>"; };
		1D0BCB39259A1ECA0035BAA8 /* MenuViewController.swift */ = {isa = PBXFileReference; fileEncoding = 4; lastKnownFileType = sourcecode.swift; name = MenuViewController.swift; path = mmmaze/Sources/MenuViewController.swift; sourceTree = "<group>"; };
		1D0BCB55259A1ED30035BAA8 /* Assets.xcassets */ = {isa = PBXFileReference; lastKnownFileType = folder.assetcatalog; name = Assets.xcassets; path = mmmaze/Resources/Assets.xcassets; sourceTree = "<group>"; };
		1D0BCB56259A1ED30035BAA8 /* LaunchScreen.storyboard */ = {isa = PBXFileReference; fileEncoding = 4; lastKnownFileType = file.storyboard; name = LaunchScreen.storyboard; path = mmmaze/Resources/LaunchScreen.storyboard; sourceTree = "<group>"; };
		1D0BCB5B259A1ED30035BAA8 /* Info.plist */ = {isa = PBXFileReference; fileEncoding = 4; lastKnownFileType = text.plist.xml; name = Info.plist; path = mmmaze/Resources/Info.plist; sourceTree = "<group>"; };
		1D184C54259E9C87007DECA0 /* GameSession+Items.swift */ = {isa = PBXFileReference; fileEncoding = 4; lastKnownFileType = sourcecode.swift; name = "GameSession+Items.swift"; path = "mmmaze/Sources/GameSession+Items.swift"; sourceTree = "<group>"; };
		1D184C56259E9C87007DECA0 /* GameSession+Maze.swift */ = {isa = PBXFileReference; fileEncoding = 4; lastKnownFileType = sourcecode.swift; name = "GameSession+Maze.swift"; path = "mmmaze/Sources/GameSession+Maze.swift"; sourceTree = "<group>"; };
		1D184C5D259E9CA6007DECA0 /* Tile.swift */ = {isa = PBXFileReference; fileEncoding = 4; lastKnownFileType = sourcecode.swift; name = Tile.swift; path = mmmaze/Sources/Tile.swift; sourceTree = "<group>"; };
		1D184C60259E9CB8007DECA0 /* Enemy+AI.swift */ = {isa = PBXFileReference; fileEncoding = 4; lastKnownFileType = sourcecode.swift; name = "Enemy+AI.swift"; path = "mmmaze/Sources/Enemy+AI.swift"; sourceTree = "<group>"; };
		1D184C61259E9CB8007DECA0 /* Enemy.swift */ = {isa = PBXFileReference; fileEncoding = 4; lastKnownFileType = sourcecode.swift; name = Enemy.swift; path = mmmaze/Sources/Enemy.swift; sourceTree = "<group>"; };
		1D184C62259E9CB8007DECA0 /* EnemyCollaborator.swift */ = {isa = PBXFileReference; fileEncoding = 4; lastKnownFileType = sourcecode.swift; name = EnemyCollaborator.swift; path = mmmaze/Sources/EnemyCollaborator.swift; sourceTree = "<group>"; };
		1D184C66259E9CC5007DECA0 /* CABasicAnimation+Utils.swift */ = {isa = PBXFileReference; fileEncoding = 4; lastKnownFileType = sourcecode.swift; name = "CABasicAnimation+Utils.swift"; path = "mmmaze/Sources/CABasicAnimation+Utils.swift"; sourceTree = "<group>"; };
		1D184C68259E9CD8007DECA0 /* Player.swift */ = {isa = PBXFileReference; fileEncoding = 4; lastKnownFileType = sourcecode.swift; name = Player.swift; path = mmmaze/Sources/Player.swift; sourceTree = "<group>"; };
		1D184C6E25A0890A007DECA0 /* MazeGenerator.swift */ = {isa = PBXFileReference; fileEncoding = 4; lastKnownFileType = sourcecode.swift; name = MazeGenerator.swift; path = mmmaze/Sources/MazeGenerator.swift; sourceTree = "<group>"; };
		1D33BEC725AC2D3900CC0EFE /* GameStats.swift */ = {isa = PBXFileReference; lastKnownFileType = sourcecode.swift; name = GameStats.swift; path = mmmaze/Sources/GameStats.swift; sourceTree = "<group>"; };
		1D33BEC925AC2EDB00CC0EFE /* Maze.swift */ = {isa = PBXFileReference; lastKnownFileType = sourcecode.swift; name = Maze.swift; path = mmmaze/Sources/Maze.swift; sourceTree = "<group>"; };
		1D3CD31225AE21D300F59B8A /* GestureRecognizer.swift */ = {isa = PBXFileReference; lastKnownFileType = sourcecode.swift; name = GestureRecognizer.swift; path = mmmaze/Sources/GestureRecognizer.swift; sourceTree = "<group>"; };
		1D3CD31425AE249800F59B8A /* CurrentLevelView.swift */ = {isa = PBXFileReference; lastKnownFileType = sourcecode.swift; name = CurrentLevelView.swift; path = mmmaze/Sources/CurrentLevelView.swift; sourceTree = "<group>"; };
		1D3CD31625AE25F600F59B8A /* HurryUpView.swift */ = {isa = PBXFileReference; lastKnownFileType = sourcecode.swift; path = HurryUpView.swift; sourceTree = "<group>"; };
		1D3CD31825AE2B7300F59B8A /* HeaderView.swift */ = {isa = PBXFileReference; lastKnownFileType = sourcecode.swift; path = HeaderView.swift; sourceTree = "<group>"; };
		1D76702E1C7B5B050065F110 /* mmmaze.app */ = {isa = PBXFileReference; explicitFileType = wrapper.application; includeInIndex = 0; path = mmmaze.app; sourceTree = BUILT_PRODUCTS_DIR; };
		1D87F61825A6EAE100C14690 /* TODO.md */ = {isa = PBXFileReference; lastKnownFileType = net.daringfireball.markdown; path = TODO.md; sourceTree = "<group>"; };
		1D87F61A25A6EBF500C14690 /* Path.swift */ = {isa = PBXFileReference; lastKnownFileType = sourcecode.swift; name = Path.swift; path = mmmaze/Sources/Path.swift; sourceTree = "<group>"; };
		1D9D51DC25AAE7CE000B3216 /* Frame.swift */ = {isa = PBXFileReference; lastKnownFileType = sourcecode.swift; name = Frame.swift; path = mmmaze/Sources/Frame.swift; sourceTree = "<group>"; };
		1D9D51DE25AB7983000B3216 /* GameSession+Collision.swift */ = {isa = PBXFileReference; lastKnownFileType = sourcecode.swift; name = "GameSession+Collision.swift"; path = "mmmaze/Sources/GameSession+Collision.swift"; sourceTree = "<group>"; };
		1DA4C703259BA0B300E4DE1E /* whirlwind.png */ = {isa = PBXFileReference; lastKnownFileType = image.png; name = whirlwind.png; path = mmmaze/Resources/whirlwind.png; sourceTree = "<group>"; };
		1DA4C704259BA0B300E4DE1E /* goal_open.png */ = {isa = PBXFileReference; lastKnownFileType = image.png; name = goal_open.png; path = mmmaze/Resources/goal_open.png; sourceTree = "<group>"; };
		1DA4C705259BA0B300E4DE1E /* goal_close.png */ = {isa = PBXFileReference; lastKnownFileType = image.png; name = goal_close.png; path = mmmaze/Resources/goal_close.png; sourceTree = "<group>"; };
		1DA4C706259BA0B300E4DE1E /* player.png */ = {isa = PBXFileReference; lastKnownFileType = image.png; name = player.png; path = mmmaze/Resources/player.png; sourceTree = "<group>"; };
		1DA4C707259BA0B300E4DE1E /* key.png */ = {isa = PBXFileReference; lastKnownFileType = image.png; name = key.png; path = mmmaze/Resources/key.png; sourceTree = "<group>"; };
		1DA4C708259BA0B300E4DE1E /* hearth.png */ = {isa = PBXFileReference; lastKnownFileType = image.png; name = hearth.png; path = mmmaze/Resources/hearth.png; sourceTree = "<group>"; };
		1DA4C709259BA0B300E4DE1E /* coin.png */ = {isa = PBXFileReference; lastKnownFileType = image.png; name = coin.png; path = mmmaze/Resources/coin.png; sourceTree = "<group>"; };
		1DA4C70A259BA0B300E4DE1E /* time.png */ = {isa = PBXFileReference; lastKnownFileType = image.png; name = time.png; path = mmmaze/Resources/time.png; sourceTree = "<group>"; };
		1DA4C70B259BA0B300E4DE1E /* wall.png */ = {isa = PBXFileReference; lastKnownFileType = image.png; name = wall.png; path = mmmaze/Resources/wall.png; sourceTree = "<group>"; };
		1DA4C70C259BA0B300E4DE1E /* bomb.png */ = {isa = PBXFileReference; lastKnownFileType = image.png; name = bomb.png; path = mmmaze/Resources/bomb.png; sourceTree = "<group>"; };
		1DA4C70E259BA0B300E4DE1E /* player_angry.png */ = {isa = PBXFileReference; lastKnownFileType = image.png; name = player_angry.png; path = mmmaze/Resources/player_angry.png; sourceTree = "<group>"; };
		1DA4C710259BA0B300E4DE1E /* minion.png */ = {isa = PBXFileReference; lastKnownFileType = image.png; name = minion.png; path = mmmaze/Resources/minion.png; sourceTree = "<group>"; };
		1DA4C711259BA0B300E4DE1E /* enemy.png */ = {isa = PBXFileReference; lastKnownFileType = image.png; name = enemy.png; path = mmmaze/Resources/enemy.png; sourceTree = "<group>"; };
		1DA4C721259BA0C200E4DE1E /* soundStartGame.caf */ = {isa = PBXFileReference; lastKnownFileType = file; name = soundStartGame.caf; path = mmmaze/Resources/soundStartGame.caf; sourceTree = "<group>"; };
		1DA4C722259BA0C200E4DE1E /* soundLevelChange.caf */ = {isa = PBXFileReference; lastKnownFileType = file; name = soundLevelChange.caf; path = mmmaze/Resources/soundLevelChange.caf; sourceTree = "<group>"; };
		1DA4C723259BA0C200E4DE1E /* soundHitWhirlwind.caf */ = {isa = PBXFileReference; lastKnownFileType = file; name = soundHitWhirlwind.caf; path = mmmaze/Resources/soundHitWhirlwind.caf; sourceTree = "<group>"; };
		1DA4C724259BA0C200E4DE1E /* soundEnemySpawn.caf */ = {isa = PBXFileReference; lastKnownFileType = file; name = soundEnemySpawn.caf; path = mmmaze/Resources/soundEnemySpawn.caf; sourceTree = "<group>"; };
		1DA4C725259BA0C200E4DE1E /* soundSelectItem.caf */ = {isa = PBXFileReference; lastKnownFileType = file; name = soundSelectItem.caf; path = mmmaze/Resources/soundSelectItem.caf; sourceTree = "<group>"; };
		1DA4C726259BA0C200E4DE1E /* soundGame.caf */ = {isa = PBXFileReference; lastKnownFileType = file; name = soundGame.caf; path = mmmaze/Resources/soundGame.caf; sourceTree = "<group>"; };
		1DA4C727259BA0C200E4DE1E /* soundHitCoin.caf */ = {isa = PBXFileReference; lastKnownFileType = file; name = soundHitCoin.caf; path = mmmaze/Resources/soundHitCoin.caf; sourceTree = "<group>"; };
		1DA4C728259BA0C200E4DE1E /* soundHitHearth.caf */ = {isa = PBXFileReference; lastKnownFileType = file; name = soundHitHearth.caf; path = mmmaze/Resources/soundHitHearth.caf; sourceTree = "<group>"; };
		1DA4C729259BA0C200E4DE1E /* soundHitPlayer.caf */ = {isa = PBXFileReference; lastKnownFileType = file; name = soundHitPlayer.caf; path = mmmaze/Resources/soundHitPlayer.caf; sourceTree = "<group>"; };
		1DA4C72A259BA0C200E4DE1E /* soundTimeOver.caf */ = {isa = PBXFileReference; lastKnownFileType = file; name = soundTimeOver.caf; path = mmmaze/Resources/soundTimeOver.caf; sourceTree = "<group>"; };
		1DA4C72B259BA0C200E4DE1E /* soundGameOver.caf */ = {isa = PBXFileReference; lastKnownFileType = file; name = soundGameOver.caf; path = mmmaze/Resources/soundGameOver.caf; sourceTree = "<group>"; };
		1DA4C72C259BA0C200E4DE1E /* soundHitBomb.caf */ = {isa = PBXFileReference; lastKnownFileType = file; name = soundHitBomb.caf; path = mmmaze/Resources/soundHitBomb.caf; sourceTree = "<group>"; };
		1DA4C72D259BA0C200E4DE1E /* soundHitTimeBonus.caf */ = {isa = PBXFileReference; lastKnownFileType = file; name = soundHitTimeBonus.caf; path = mmmaze/Resources/soundHitTimeBonus.caf; sourceTree = "<group>"; };
		1DA4C73B259BA0EC00E4DE1E /* Localizable.strings */ = {isa = PBXFileReference; fileEncoding = 4; lastKnownFileType = text.plist.strings; name = Localizable.strings; path = mmmaze/Resources/Localizable.strings; sourceTree = "<group>"; };
		1DA4C73D259BA0F400E4DE1E /* Joystix.ttf */ = {isa = PBXFileReference; lastKnownFileType = file; name = Joystix.ttf; path = mmmaze/Resources/Joystix.ttf; sourceTree = "<group>"; };
		1DA4C73F259BA10900E4DE1E /* GameSession.swift */ = {isa = PBXFileReference; fileEncoding = 4; lastKnownFileType = sourcecode.swift; name = GameSession.swift; path = mmmaze/Sources/GameSession.swift; sourceTree = "<group>"; };
		1DA4C741259BA11700E4DE1E /* AudioManager.swift */ = {isa = PBXFileReference; fileEncoding = 4; lastKnownFileType = sourcecode.swift; name = AudioManager.swift; path = mmmaze/Sources/AudioManager.swift; sourceTree = "<group>"; };
		1DA4C743259BA12200E4DE1E /* UIDevice+Utils.swift */ = {isa = PBXFileReference; fileEncoding = 4; lastKnownFileType = sourcecode.swift; name = "UIDevice+Utils.swift"; path = "mmmaze/Sources/UIDevice+Utils.swift"; sourceTree = "<group>"; };
		1DA4C745259BA14200E4DE1E /* String+Utils.swift */ = {isa = PBXFileReference; fileEncoding = 4; lastKnownFileType = sourcecode.swift; name = "String+Utils.swift"; path = "mmmaze/Sources/String+Utils.swift"; sourceTree = "<group>"; };
		1DA4C74A259BA17D00E4DE1E /* ScoreManager.swift */ = {isa = PBXFileReference; fileEncoding = 4; lastKnownFileType = sourcecode.swift; name = ScoreManager.swift; path = mmmaze/Sources/ScoreManager.swift; sourceTree = "<group>"; };
		1DA4C74D259BA1B200E4DE1E /* UIImage+Utils.swift */ = {isa = PBXFileReference; fileEncoding = 4; lastKnownFileType = sourcecode.swift; name = "UIImage+Utils.swift"; path = "mmmaze/Sources/UIImage+Utils.swift"; sourceTree = "<group>"; };
		1DA4C74F259BA1B200E4DE1E /* UIImageView+Utils.swift */ = {isa = PBXFileReference; fileEncoding = 4; lastKnownFileType = sourcecode.swift; name = "UIImageView+Utils.swift"; path = "mmmaze/Sources/UIImageView+Utils.swift"; sourceTree = "<group>"; };
		1DA4C751259BA1B200E4DE1E /* UIView+Utils.swift */ = {isa = PBXFileReference; fileEncoding = 4; lastKnownFileType = sourcecode.swift; name = "UIView+Utils.swift"; path = "mmmaze/Sources/UIView+Utils.swift"; sourceTree = "<group>"; };
		1DA4C759259BA29800E4DE1E /* README.md */ = {isa = PBXFileReference; fileEncoding = 4; lastKnownFileType = net.daringfireball.markdown; path = README.md; sourceTree = "<group>"; };
		1DB7746A25AD832400FC1A26 /* DisplayLink.swift */ = {isa = PBXFileReference; lastKnownFileType = sourcecode.swift; name = DisplayLink.swift; path = mmmaze/Sources/DisplayLink.swift; sourceTree = "<group>"; };
		1DB7746C25AD88DE00FC1A26 /* GameOverView.swift */ = {isa = PBXFileReference; lastKnownFileType = sourcecode.swift; name = GameOverView.swift; path = mmmaze/Sources/GameOverView.swift; sourceTree = "<group>"; };
		1DDB93422337F35C00CF02AF /* MessageUI.framework */ = {isa = PBXFileReference; lastKnownFileType = wrapper.framework; name = MessageUI.framework; path = System/Library/Frameworks/MessageUI.framework; sourceTree = SDKROOT; };
		1DE262EC25A0A60200BAC78A /* VersionLabel.swift */ = {isa = PBXFileReference; lastKnownFileType = sourcecode.swift; name = VersionLabel.swift; path = mmmaze/Sources/VersionLabel.swift; sourceTree = "<group>"; };
		1DE262F025A0E20500BAC78A /* CGRect+Utils.swift */ = {isa = PBXFileReference; lastKnownFileType = sourcecode.swift; name = "CGRect+Utils.swift"; path = "mmmaze/Sources/CGRect+Utils.swift"; sourceTree = "<group>"; };
		1DEC3DEA25A0FF8B000A863D /* TyleType.swift */ = {isa = PBXFileReference; lastKnownFileType = sourcecode.swift; name = TyleType.swift; path = mmmaze/Sources/TyleType.swift; sourceTree = "<group>"; };
		1DEC3DEC25A11278000A863D /* UISwipeGestureRecognizer+Utils.swift */ = {isa = PBXFileReference; lastKnownFileType = sourcecode.swift; name = "UISwipeGestureRecognizer+Utils.swift"; path = "mmmaze/Sources/UISwipeGestureRecognizer+Utils.swift"; sourceTree = "<group>"; };
/* End PBXFileReference section */

/* Begin PBXFrameworksBuildPhase section */
		1D76702B1C7B5B050065F110 /* Frameworks */ = {
			isa = PBXFrameworksBuildPhase;
			buildActionMask = 2147483647;
			files = (
			);
			runOnlyForDeploymentPostprocessing = 0;
		};
/* End PBXFrameworksBuildPhase section */

/* Begin PBXGroup section */
		1D0BCB11259A1DE80035BAA8 /* Sources */ = {
			isa = PBXGroup;
			children = (
				1D0BCB32259A1ECA0035BAA8 /* AppDelegate.swift */,
				1D0BCB91259A21050035BAA8 /* Screens */,
				1D9ADB46259B1743003CC8C2 /* Maze */,
				1D9D51DB25AAE7B3000B3216 /* Toolkit */,
				1D0BCBCB259A25330035BAA8 /* Utils */,
			);
			name = Sources;
			sourceTree = "<group>";
		};
		1D0BCB12259A1DEE0035BAA8 /* Resources */ = {
			isa = PBXGroup;
			children = (
				1D0BCB55259A1ED30035BAA8 /* Assets.xcassets */,
				1DA4C73D259BA0F400E4DE1E /* Joystix.ttf */,
				1DA4C73B259BA0EC00E4DE1E /* Localizable.strings */,
				1D0BCB5B259A1ED30035BAA8 /* Info.plist */,
				1D0BCB56259A1ED30035BAA8 /* LaunchScreen.storyboard */,
				1D0BCB97259A23A40035BAA8 /* Images */,
				1D1BDDE0259A4F8D000145A4 /* Sounds */,
			);
			name = Resources;
			sourceTree = "<group>";
		};
		1D0BCB91259A21050035BAA8 /* Screens */ = {
			isa = PBXGroup;
			children = (
				1D0BCBD6259A321B0035BAA8 /* Menu */,
				1D1BDDCF259A45E1000145A4 /* Settings */,
				1D1BDDCE259A40DC000145A4 /* BestScores */,
				1D1BDDDF259A4D21000145A4 /* Credits */,
				1D0BCBDA259A37F90035BAA8 /* Tutorial */,
				1D0BCBD7259A32250035BAA8 /* Game */,
				1DE262EB25A0A5EE00BAC78A /* Utils */,
			);
			name = Screens;
			sourceTree = "<group>";
		};
		1D0BCB97259A23A40035BAA8 /* Images */ = {
			isa = PBXGroup;
			children = (
				1DA4C70C259BA0B300E4DE1E /* bomb.png */,
				1DA4C709259BA0B300E4DE1E /* coin.png */,
				1DA4C711259BA0B300E4DE1E /* enemy.png */,
				1DA4C705259BA0B300E4DE1E /* goal_close.png */,
				1DA4C704259BA0B300E4DE1E /* goal_open.png */,
				1DA4C708259BA0B300E4DE1E /* hearth.png */,
				1DA4C707259BA0B300E4DE1E /* key.png */,
				1DA4C710259BA0B300E4DE1E /* minion.png */,
				1DA4C70E259BA0B300E4DE1E /* player_angry.png */,
				1DA4C706259BA0B300E4DE1E /* player.png */,
				1DA4C70A259BA0B300E4DE1E /* time.png */,
				1DA4C70B259BA0B300E4DE1E /* wall.png */,
				1DA4C703259BA0B300E4DE1E /* whirlwind.png */,
			);
			name = Images;
			sourceTree = "<group>";
		};
		1D0BCBCB259A25330035BAA8 /* Utils */ = {
			isa = PBXGroup;
			children = (
				1D0BCB1F259A1ECA0035BAA8 /* Constants.swift */,
				1DA4C74A259BA17D00E4DE1E /* ScoreManager.swift */,
				1DA4C741259BA11700E4DE1E /* AudioManager.swift */,
				1DA4C745259BA14200E4DE1E /* String+Utils.swift */,
				1DA4C743259BA12200E4DE1E /* UIDevice+Utils.swift */,
				1DA4C751259BA1B200E4DE1E /* UIView+Utils.swift */,
				1DA4C74D259BA1B200E4DE1E /* UIImage+Utils.swift */,
				1DA4C74F259BA1B200E4DE1E /* UIImageView+Utils.swift */,
				1D184C66259E9CC5007DECA0 /* CABasicAnimation+Utils.swift */,
				1DEC3DEC25A11278000A863D /* UISwipeGestureRecognizer+Utils.swift */,
				1DE262F025A0E20500BAC78A /* CGRect+Utils.swift */,
				1D0AC4E825A1D445004A5AF1 /* Sequence+Utils.swift */,
			);
			name = Utils;
			sourceTree = "<group>";
		};
		1D0BCBD6259A321B0035BAA8 /* Menu */ = {
			isa = PBXGroup;
			children = (
				1D0BCB39259A1ECA0035BAA8 /* MenuViewController.swift */,
				1D0BCB27259A1ECA0035BAA8 /* MenuViewController.xib */,
			);
			name = Menu;
			sourceTree = "<group>";
		};
		1D0BCBD7259A32250035BAA8 /* Game */ = {
			isa = PBXGroup;
			children = (
				1D0BCB1B259A1ECA0035BAA8 /* GameViewController.swift */,
				1D0BCB25259A1ECA0035BAA8 /* GameViewController.xib */,
				1DB7746E25AD88F600FC1A26 /* Components */,
			);
			name = Game;
			sourceTree = "<group>";
		};
		1D0BCBDA259A37F90035BAA8 /* Tutorial */ = {
			isa = PBXGroup;
			children = (
				1D0BCB37259A1ECA0035BAA8 /* TutorialViewController.swift */,
				1D0BCB2A259A1ECA0035BAA8 /* TutorialViewController.xib */,
			);
			name = Tutorial;
			sourceTree = "<group>";
		};
		1D1BDDCE259A40DC000145A4 /* BestScores */ = {
			isa = PBXGroup;
			children = (
				1D0BCB2D259A1ECA0035BAA8 /* BestScoresViewController.swift */,
				1D0BCB15259A1ECA0035BAA8 /* BestScoresViewController.xib */,
			);
			name = BestScores;
			sourceTree = "<group>";
		};
		1D1BDDCF259A45E1000145A4 /* Settings */ = {
			isa = PBXGroup;
			children = (
				1D0BCB22259A1ECA0035BAA8 /* SettingsViewController.swift */,
				1D0BCB23259A1ECA0035BAA8 /* SettingsViewController.xib */,
			);
			name = Settings;
			sourceTree = "<group>";
		};
		1D1BDDDF259A4D21000145A4 /* Credits */ = {
			isa = PBXGroup;
			children = (
				1D0BCB28259A1ECA0035BAA8 /* CreditsViewController.swift */,
				1D0BCB30259A1ECA0035BAA8 /* CreditsViewController.xib */,
			);
			name = Credits;
			sourceTree = "<group>";
		};
		1D1BDDE0259A4F8D000145A4 /* Sounds */ = {
			isa = PBXGroup;
			children = (
				1DA4C724259BA0C200E4DE1E /* soundEnemySpawn.caf */,
				1DA4C726259BA0C200E4DE1E /* soundGame.caf */,
				1DA4C72B259BA0C200E4DE1E /* soundGameOver.caf */,
				1DA4C72C259BA0C200E4DE1E /* soundHitBomb.caf */,
				1DA4C727259BA0C200E4DE1E /* soundHitCoin.caf */,
				1DA4C728259BA0C200E4DE1E /* soundHitHearth.caf */,
				1DA4C729259BA0C200E4DE1E /* soundHitPlayer.caf */,
				1DA4C72D259BA0C200E4DE1E /* soundHitTimeBonus.caf */,
				1DA4C723259BA0C200E4DE1E /* soundHitWhirlwind.caf */,
				1DA4C722259BA0C200E4DE1E /* soundLevelChange.caf */,
				1DA4C725259BA0C200E4DE1E /* soundSelectItem.caf */,
				1DA4C721259BA0C200E4DE1E /* soundStartGame.caf */,
				1DA4C72A259BA0C200E4DE1E /* soundTimeOver.caf */,
			);
			name = Sounds;
			sourceTree = "<group>";
		};
		1D451C77259E0F89001A291C /* Tile */ = {
			isa = PBXGroup;
			children = (
				1DEC3DEA25A0FF8B000A863D /* TyleType.swift */,
				1D184C5D259E9CA6007DECA0 /* Tile.swift */,
			);
			name = Tile;
			sourceTree = "<group>";
		};
		1D451C78259E0F9A001A291C /* Player */ = {
			isa = PBXGroup;
			children = (
				1D184C68259E9CD8007DECA0 /* Player.swift */,
			);
			name = Player;
			sourceTree = "<group>";
		};
		1D451C79259E0FB0001A291C /* Enemy */ = {
			isa = PBXGroup;
			children = (
				1D184C62259E9CB8007DECA0 /* EnemyCollaborator.swift */,
				1D184C61259E9CB8007DECA0 /* Enemy.swift */,
				1D184C60259E9CB8007DECA0 /* Enemy+AI.swift */,
				1D87F61A25A6EBF500C14690 /* Path.swift */,
			);
			name = Enemy;
			sourceTree = "<group>";
		};
		1D7670251C7B5B050065F110 = {
			isa = PBXGroup;
			children = (
				1D87F61825A6EAE100C14690 /* TODO.md */,
				1DA4C759259BA29800E4DE1E /* README.md */,
				1D0BCB11259A1DE80035BAA8 /* Sources */,
				1D0BCB12259A1DEE0035BAA8 /* Resources */,
				1D98C7CE1C9AD67A00161EB2 /* Frameworks */,
				1D76702F1C7B5B050065F110 /* Products */,
			);
			sourceTree = "<group>";
		};
		1D76702F1C7B5B050065F110 /* Products */ = {
			isa = PBXGroup;
			children = (
				1D76702E1C7B5B050065F110 /* mmmaze.app */,
			);
			name = Products;
			sourceTree = "<group>";
		};
		1D98C7CE1C9AD67A00161EB2 /* Frameworks */ = {
			isa = PBXGroup;
			children = (
				1DDB93422337F35C00CF02AF /* MessageUI.framework */,
				1D07BEE81CCD36E80062EFE6 /* GameKit.framework */,
			);
			name = Frameworks;
			sourceTree = "<group>";
		};
		1D9ADB46259B1743003CC8C2 /* Maze */ = {
			isa = PBXGroup;
			children = (
				1DA4C73F259BA10900E4DE1E /* GameSession.swift */,
				1D184C56259E9C87007DECA0 /* GameSession+Maze.swift */,
				1D184C54259E9C87007DECA0 /* GameSession+Items.swift */,
				1D9D51DE25AB7983000B3216 /* GameSession+Collision.swift */,
				1D33BEC725AC2D3900CC0EFE /* GameStats.swift */,
				1D451C77259E0F89001A291C /* Tile */,
				1D451C79259E0FB0001A291C /* Enemy */,
				1D451C78259E0F9A001A291C /* Player */,
				1D9ADB47259B1760003CC8C2 /* Generator */,
			);
			name = Maze;
			sourceTree = "<group>";
		};
		1D9ADB47259B1760003CC8C2 /* Generator */ = {
			isa = PBXGroup;
			children = (
				1D33BEC925AC2EDB00CC0EFE /* Maze.swift */,
				1D184C6E25A0890A007DECA0 /* MazeGenerator.swift */,
			);
			name = Generator;
			sourceTree = "<group>";
		};
		1D9D51DB25AAE7B3000B3216 /* Toolkit */ = {
			isa = PBXGroup;
			children = (
				1D9D51DC25AAE7CE000B3216 /* Frame.swift */,
			);
			name = Toolkit;
			sourceTree = "<group>";
		};
		1DB7746E25AD88F600FC1A26 /* Components */ = {
			isa = PBXGroup;
			children = (
				1DB7746A25AD832400FC1A26 /* DisplayLink.swift */,
				1D3CD31225AE21D300F59B8A /* GestureRecognizer.swift */,
				1DB7746C25AD88DE00FC1A26 /* GameOverView.swift */,
				1D3CD31425AE249800F59B8A /* CurrentLevelView.swift */,
				1D3CD31625AE25F600F59B8A /* HurryUpView.swift */,
				1D3CD31825AE2B7300F59B8A /* HeaderView.swift */,
			);
			name = Components;
			sourceTree = "<group>";
		};
		1DE262EB25A0A5EE00BAC78A /* Utils */ = {
			isa = PBXGroup;
			children = (
				1DE262EC25A0A60200BAC78A /* VersionLabel.swift */,
			);
			name = Utils;
			sourceTree = "<group>";
		};
/* End PBXGroup section */

/* Begin PBXNativeTarget section */
		1D76702D1C7B5B050065F110 /* mmmaze */ = {
			isa = PBXNativeTarget;
			buildConfigurationList = 1D7670471C7B5B050065F110 /* Build configuration list for PBXNativeTarget "mmmaze" */;
			buildPhases = (
				1D76702A1C7B5B050065F110 /* Sources */,
				1D76702B1C7B5B050065F110 /* Frameworks */,
				1D76702C1C7B5B050065F110 /* Resources */,
				1D98C7D31C9AD71100161EB2 /* Embed Frameworks */,
			);
			buildRules = (
			);
			dependencies = (
			);
			name = mmmaze;
			productName = PsyNaut;
			productReference = 1D76702E1C7B5B050065F110 /* mmmaze.app */;
			productType = "com.apple.product-type.application";
		};
/* End PBXNativeTarget section */

/* Begin PBXProject section */
		1D7670261C7B5B050065F110 /* Project object */ = {
			isa = PBXProject;
			attributes = {
				CLASSPREFIX = "";
				LastUpgradeCheck = 0830;
				ORGANIZATIONNAME = mugx;
				TargetAttributes = {
					1D76702D1C7B5B050065F110 = {
						CreatedOnToolsVersion = 7.2.1;
						DevelopmentTeam = 8XE9QV2E26;
						LastSwiftMigration = 0830;
						ProvisioningStyle = Automatic;
						SystemCapabilities = {
							com.apple.GameCenter = {
								enabled = 1;
							};
							com.apple.InAppPurchase = {
								enabled = 1;
							};
						};
					};
				};
			};
			buildConfigurationList = 1D7670291C7B5B050065F110 /* Build configuration list for PBXProject "mmmaze" */;
			compatibilityVersion = "Xcode 12.0";
			developmentRegion = English;
			hasScannedForEncodings = 0;
			knownRegions = (
				English,
				en,
				"zh-Hans",
			);
			mainGroup = 1D7670251C7B5B050065F110;
			productRefGroup = 1D76702F1C7B5B050065F110 /* Products */;
			projectDirPath = "";
			projectRoot = "";
			targets = (
				1D76702D1C7B5B050065F110 /* mmmaze */,
			);
		};
/* End PBXProject section */

/* Begin PBXResourcesBuildPhase section */
		1D76702C1C7B5B050065F110 /* Resources */ = {
			isa = PBXResourcesBuildPhase;
			buildActionMask = 2147483647;
			files = (
				1DA4C720259BA0B300E4DE1E /* enemy.png in Resources */,
				1DA4C73E259BA0F800E4DE1E /* Joystix.ttf in Resources */,
				1D0BCB61259A1ED30035BAA8 /* LaunchScreen.storyboard in Resources */,
				1DA4C736259BA0C200E4DE1E /* soundHitPlayer.caf in Resources */,
				1DA4C73A259BA0C200E4DE1E /* soundHitTimeBonus.caf in Resources */,
				1DA4C733259BA0C200E4DE1E /* soundGame.caf in Resources */,
				1DA4C719259BA0B300E4DE1E /* time.png in Resources */,
				1DA4C739259BA0C200E4DE1E /* soundHitBomb.caf in Resources */,
				1DA4C737259BA0C200E4DE1E /* soundTimeOver.caf in Resources */,
				1DA4C71D259BA0B300E4DE1E /* player_angry.png in Resources */,
				1DA4C72F259BA0C200E4DE1E /* soundLevelChange.caf in Resources */,
				1DA4C732259BA0C200E4DE1E /* soundSelectItem.caf in Resources */,
				1DA4C738259BA0C200E4DE1E /* soundGameOver.caf in Resources */,
				1DA4C715259BA0B300E4DE1E /* player.png in Resources */,
				1D0BCB47259A1ECA0035BAA8 /* GameViewController.xib in Resources */,
				1DA4C735259BA0C200E4DE1E /* soundHitHearth.caf in Resources */,
				1DA4C734259BA0C200E4DE1E /* soundHitCoin.caf in Resources */,
				1DA4C718259BA0B300E4DE1E /* coin.png in Resources */,
				1D0BCB3B259A1ECA0035BAA8 /* BestScoresViewController.xib in Resources */,
				1DA4C71B259BA0B300E4DE1E /* bomb.png in Resources */,
				1D0BCB4E259A1ECA0035BAA8 /* CreditsViewController.xib in Resources */,
				1DA4C75A259BA29800E4DE1E /* README.md in Resources */,
				1D87F61925A6EAE100C14690 /* TODO.md in Resources */,
				1DA4C716259BA0B300E4DE1E /* key.png in Resources */,
				1DA4C71A259BA0B300E4DE1E /* wall.png in Resources */,
				1D0BCB4B259A1ECA0035BAA8 /* TutorialViewController.xib in Resources */,
				1DA4C712259BA0B300E4DE1E /* whirlwind.png in Resources */,
				1DA4C730259BA0C200E4DE1E /* soundHitWhirlwind.caf in Resources */,
				1DA4C72E259BA0C200E4DE1E /* soundStartGame.caf in Resources */,
				1DA4C73C259BA0EC00E4DE1E /* Localizable.strings in Resources */,
				1D0BCB46259A1ECA0035BAA8 /* SettingsViewController.xib in Resources */,
				1DA4C713259BA0B300E4DE1E /* goal_open.png in Resources */,
				1DA4C714259BA0B300E4DE1E /* goal_close.png in Resources */,
				1D0BCB60259A1ED30035BAA8 /* Assets.xcassets in Resources */,
				1DA4C731259BA0C200E4DE1E /* soundEnemySpawn.caf in Resources */,
				1DA4C717259BA0B300E4DE1E /* hearth.png in Resources */,
				1DA4C71F259BA0B300E4DE1E /* minion.png in Resources */,
				1D0BCB49259A1ECA0035BAA8 /* MenuViewController.xib in Resources */,
			);
			runOnlyForDeploymentPostprocessing = 0;
		};
/* End PBXResourcesBuildPhase section */

/* Begin PBXSourcesBuildPhase section */
		1D76702A1C7B5B050065F110 /* Sources */ = {
			isa = PBXSourcesBuildPhase;
			buildActionMask = 2147483647;
			files = (
				1D0BCB54259A1ECA0035BAA8 /* MenuViewController.swift in Sources */,
				1D0AC4E925A1D445004A5AF1 /* Sequence+Utils.swift in Sources */,
				1DA4C740259BA10900E4DE1E /* GameSession.swift in Sources */,
				1D0BCB45259A1ECA0035BAA8 /* SettingsViewController.swift in Sources */,
				1DA4C74B259BA17D00E4DE1E /* ScoreManager.swift in Sources */,
				1D0BCB50259A1ECA0035BAA8 /* AppDelegate.swift in Sources */,
				1D3CD31725AE25F600F59B8A /* HurryUpView.swift in Sources */,
				1D184C5A259E9C87007DECA0 /* GameSession+Maze.swift in Sources */,
				1D184C65259E9CB8007DECA0 /* EnemyCollaborator.swift in Sources */,
				1D0BCB40259A1ECA0035BAA8 /* GameViewController.swift in Sources */,
				1DA4C756259BA1B200E4DE1E /* UIImageView+Utils.swift in Sources */,
				1D184C67259E9CC5007DECA0 /* CABasicAnimation+Utils.swift in Sources */,
				1D184C5F259E9CA6007DECA0 /* Tile.swift in Sources */,
				1DE262F125A0E20500BAC78A /* CGRect+Utils.swift in Sources */,
				1D3CD31325AE21D300F59B8A /* GestureRecognizer.swift in Sources */,
				1D184C58259E9C87007DECA0 /* GameSession+Items.swift in Sources */,
				1D184C6F25A0890A007DECA0 /* MazeGenerator.swift in Sources */,
				1DEC3DED25A11278000A863D /* UISwipeGestureRecognizer+Utils.swift in Sources */,
				1DA4C746259BA14200E4DE1E /* String+Utils.swift in Sources */,
				1D9D51DD25AAE7CE000B3216 /* Frame.swift in Sources */,
				1DA4C758259BA1B200E4DE1E /* UIView+Utils.swift in Sources */,
				1DB7746D25AD88DE00FC1A26 /* GameOverView.swift in Sources */,
				1D33BEC825AC2D3900CC0EFE /* GameStats.swift in Sources */,
				1D3CD31525AE249800F59B8A /* CurrentLevelView.swift in Sources */,
				1DE262ED25A0A60200BAC78A /* VersionLabel.swift in Sources */,
				1DEC3DEB25A0FF8B000A863D /* TyleType.swift in Sources */,
				1D184C64259E9CB8007DECA0 /* Enemy.swift in Sources */,
				1D0BCB53259A1ECA0035BAA8 /* TutorialViewController.swift in Sources */,
				1D184C63259E9CB8007DECA0 /* Enemy+AI.swift in Sources */,
				1D0BCB4C259A1ECA0035BAA8 /* BestScoresViewController.swift in Sources */,
				1DA4C744259BA12200E4DE1E /* UIDevice+Utils.swift in Sources */,
				1D0BCB43259A1ECA0035BAA8 /* Constants.swift in Sources */,
				1DB7746B25AD832400FC1A26 /* DisplayLink.swift in Sources */,
				1D3CD31925AE2B7300F59B8A /* HeaderView.swift in Sources */,
				1D9D51DF25AB7983000B3216 /* GameSession+Collision.swift in Sources */,
				1DA4C754259BA1B200E4DE1E /* UIImage+Utils.swift in Sources */,
				1DA4C742259BA11700E4DE1E /* AudioManager.swift in Sources */,
				1D184C69259E9CD8007DECA0 /* Player.swift in Sources */,
				1D0BCB4A259A1ECA0035BAA8 /* CreditsViewController.swift in Sources */,
				1D87F61B25A6EBF500C14690 /* Path.swift in Sources */,
				1D33BECA25AC2EDB00CC0EFE /* Maze.swift in Sources */,
			);
			runOnlyForDeploymentPostprocessing = 0;
		};
/* End PBXSourcesBuildPhase section */

/* Begin XCBuildConfiguration section */
		1D7670451C7B5B050065F110 /* Debug */ = {
			isa = XCBuildConfiguration;
			buildSettings = {
				ALWAYS_SEARCH_USER_PATHS = NO;
				BITCODE_GENERATION_MODE = bitcode;
				CLANG_ANALYZER_LOCALIZABILITY_NONLOCALIZED = YES;
				CLANG_CXX_LANGUAGE_STANDARD = "gnu++0x";
				CLANG_CXX_LIBRARY = "libc++";
				CLANG_ENABLE_MODULES = YES;
				CLANG_ENABLE_OBJC_ARC = NO;
				CLANG_LINK_OBJC_RUNTIME = NO;
				CLANG_WARN_BOOL_CONVERSION = YES;
				CLANG_WARN_CONSTANT_CONVERSION = YES;
				CLANG_WARN_DIRECT_OBJC_ISA_USAGE = YES_ERROR;
				CLANG_WARN_EMPTY_BODY = YES;
				CLANG_WARN_ENUM_CONVERSION = YES;
				CLANG_WARN_INFINITE_RECURSION = YES;
				CLANG_WARN_INT_CONVERSION = YES;
				CLANG_WARN_OBJC_ROOT_CLASS = YES_ERROR;
				CLANG_WARN_SUSPICIOUS_MOVE = YES;
				CLANG_WARN_UNREACHABLE_CODE = YES;
				CLANG_WARN__DUPLICATE_METHOD_MATCH = YES;
				"CODE_SIGN_IDENTITY[sdk=iphoneos*]" = "iPhone Developer";
				COPY_PHASE_STRIP = NO;
				DEBUG_INFORMATION_FORMAT = "dwarf-with-dsym";
				ENABLE_STRICT_OBJC_MSGSEND = NO;
				ENABLE_TESTABILITY = YES;
				GCC_C_LANGUAGE_STANDARD = gnu99;
				GCC_DYNAMIC_NO_PIC = NO;
				GCC_ENABLE_OBJC_EXCEPTIONS = NO;
				GCC_NO_COMMON_BLOCKS = YES;
				GCC_OPTIMIZATION_LEVEL = 0;
				GCC_PREPROCESSOR_DEFINITIONS = (
					"DEBUG=1",
					"$(inherited)",
				);
				GCC_WARN_64_TO_32_BIT_CONVERSION = YES;
				GCC_WARN_ABOUT_RETURN_TYPE = YES_ERROR;
				GCC_WARN_UNDECLARED_SELECTOR = YES;
				GCC_WARN_UNINITIALIZED_AUTOS = YES_AGGRESSIVE;
				GCC_WARN_UNUSED_FUNCTION = YES;
				GCC_WARN_UNUSED_LABEL = YES;
				IPHONEOS_DEPLOYMENT_TARGET = 13.0;
				MTL_ENABLE_DEBUG_INFO = YES;
				ONLY_ACTIVE_ARCH = YES;
				SDKROOT = iphoneos;
				SWIFT_INSTALL_OBJC_HEADER = NO;
				SWIFT_PRECOMPILE_BRIDGING_HEADER = NO;
				TARGETED_DEVICE_FAMILY = "1,2";
			};
			name = Debug;
		};
		1D7670461C7B5B050065F110 /* Release */ = {
			isa = XCBuildConfiguration;
			buildSettings = {
				ALWAYS_SEARCH_USER_PATHS = NO;
				BITCODE_GENERATION_MODE = bitcode;
				CLANG_ANALYZER_LOCALIZABILITY_NONLOCALIZED = YES;
				CLANG_CXX_LANGUAGE_STANDARD = "gnu++0x";
				CLANG_CXX_LIBRARY = "libc++";
				CLANG_ENABLE_MODULES = YES;
				CLANG_ENABLE_OBJC_ARC = NO;
				CLANG_LINK_OBJC_RUNTIME = NO;
				CLANG_WARN_BOOL_CONVERSION = YES;
				CLANG_WARN_CONSTANT_CONVERSION = YES;
				CLANG_WARN_DIRECT_OBJC_ISA_USAGE = YES_ERROR;
				CLANG_WARN_EMPTY_BODY = YES;
				CLANG_WARN_ENUM_CONVERSION = YES;
				CLANG_WARN_INFINITE_RECURSION = YES;
				CLANG_WARN_INT_CONVERSION = YES;
				CLANG_WARN_OBJC_ROOT_CLASS = YES_ERROR;
				CLANG_WARN_SUSPICIOUS_MOVE = YES;
				CLANG_WARN_UNREACHABLE_CODE = YES;
				CLANG_WARN__DUPLICATE_METHOD_MATCH = YES;
				"CODE_SIGN_IDENTITY[sdk=iphoneos*]" = "iPhone Developer";
				COPY_PHASE_STRIP = NO;
				DEBUG_INFORMATION_FORMAT = "dwarf-with-dsym";
				ENABLE_NS_ASSERTIONS = NO;
				ENABLE_STRICT_OBJC_MSGSEND = NO;
				GCC_C_LANGUAGE_STANDARD = gnu99;
				GCC_ENABLE_OBJC_EXCEPTIONS = NO;
				GCC_NO_COMMON_BLOCKS = YES;
				GCC_WARN_64_TO_32_BIT_CONVERSION = YES;
				GCC_WARN_ABOUT_RETURN_TYPE = YES_ERROR;
				GCC_WARN_UNDECLARED_SELECTOR = YES;
				GCC_WARN_UNINITIALIZED_AUTOS = YES_AGGRESSIVE;
				GCC_WARN_UNUSED_FUNCTION = YES;
				GCC_WARN_UNUSED_LABEL = YES;
				IPHONEOS_DEPLOYMENT_TARGET = 13.0;
				MTL_ENABLE_DEBUG_INFO = NO;
				SDKROOT = iphoneos;
				SWIFT_COMPILATION_MODE = wholemodule;
				SWIFT_INSTALL_OBJC_HEADER = NO;
				SWIFT_OPTIMIZATION_LEVEL = "-O";
				SWIFT_PRECOMPILE_BRIDGING_HEADER = NO;
				TARGETED_DEVICE_FAMILY = "1,2";
				VALIDATE_PRODUCT = YES;
			};
			name = Release;
		};
		1D7670481C7B5B050065F110 /* Debug */ = {
			isa = XCBuildConfiguration;
			buildSettings = {
				ASSETCATALOG_COMPILER_APPICON_NAME = AppIcon;
				CLANG_ENABLE_MODULES = YES;
				CODE_SIGN_IDENTITY = "iPhone Developer";
				"CODE_SIGN_IDENTITY[sdk=iphoneos*]" = "iPhone Developer";
				CURRENT_PROJECT_VERSION = 1;
				DEVELOPMENT_TEAM = 8XE9QV2E26;
				INFOPLIST_FILE = mmmaze/Resources/Info.plist;
				LD_RUNPATH_SEARCH_PATHS = (
					"$(inherited)",
					"@executable_path/Frameworks",
				);
				MARKETING_VERSION = 2.0.1;
				PRODUCT_BUNDLE_IDENTIFIER = com.mugsoft.psynaut;
				PRODUCT_NAME = mmmaze;
				SWIFT_OPTIMIZATION_LEVEL = "-Onone";
				SWIFT_VERSION = 5.0;
			};
			name = Debug;
		};
		1D7670491C7B5B050065F110 /* Release */ = {
			isa = XCBuildConfiguration;
			buildSettings = {
				ASSETCATALOG_COMPILER_APPICON_NAME = AppIcon;
				CLANG_ENABLE_MODULES = YES;
				CODE_SIGN_IDENTITY = "iPhone Developer";
				"CODE_SIGN_IDENTITY[sdk=iphoneos*]" = "iPhone Developer";
				CURRENT_PROJECT_VERSION = 1;
				DEVELOPMENT_TEAM = 8XE9QV2E26;
				GCC_PREPROCESSOR_DEFINITIONS = "DEBUG=0";
				INFOPLIST_FILE = mmmaze/Resources/Info.plist;
				LD_RUNPATH_SEARCH_PATHS = (
					"$(inherited)",
					"@executable_path/Frameworks",
				);
				MARKETING_VERSION = 2.0.1;
				PRODUCT_BUNDLE_IDENTIFIER = com.mugsoft.psynaut;
				PRODUCT_NAME = mmmaze;
				SWIFT_VERSION = 5.0;
			};
			name = Release;
		};
/* End XCBuildConfiguration section */

/* Begin XCConfigurationList section */
		1D7670291C7B5B050065F110 /* Build configuration list for PBXProject "mmmaze" */ = {
			isa = XCConfigurationList;
			buildConfigurations = (
				1D7670451C7B5B050065F110 /* Debug */,
				1D7670461C7B5B050065F110 /* Release */,
			);
			defaultConfigurationIsVisible = 0;
			defaultConfigurationName = Release;
		};
		1D7670471C7B5B050065F110 /* Build configuration list for PBXNativeTarget "mmmaze" */ = {
			isa = XCConfigurationList;
			buildConfigurations = (
				1D7670481C7B5B050065F110 /* Debug */,
				1D7670491C7B5B050065F110 /* Release */,
			);
			defaultConfigurationIsVisible = 0;
			defaultConfigurationName = Release;
		};
/* End XCConfigurationList section */
	};
	rootObject = 1D7670261C7B5B050065F110 /* Project object */;
}
